
Microsoft Visual Studio Solution File, Format Version 12.00
# Visual Studio Version 16
VisualStudioVersion = 16.0.31025.218
MinimumVisualStudioVersion = 10.0.40219.1
Project("{9A19103F-16F7-4668-BE54-9A1E7A4F7556}") = "BankCommoditiesControllers", "BankCommoditiesController\BankCommoditiesControllers.csproj", "{8F835202-DF47-4A07-9779-E915971B1764}"
EndProject
Project("{9A19103F-16F7-4668-BE54-9A1E7A4F7556}") = "BankCommoditiesModels", "BankCommoditiesModels\BankCommoditiesModels.csproj", "{08A4794E-D16D-45B4-B318-92335D2BF47A}"
EndProject
Project("{9A19103F-16F7-4668-BE54-9A1E7A4F7556}") = "BankCommoditiesTools", "BankCommoditiesTools\BankCommoditiesTools.csproj", "{0CC9DF1E-7328-4188-92E9-01EE5C3C1DE0}"
EndProject
Project("{FAE04EC0-301F-11D3-BF4B-00C04F79EFBC}") = "BankCommoditiesPresentations", "BankCommoditiesPresentations\BankCommoditiesPresentations.csproj", "{53B438CD-E783-4EF0-9935-812B537572EF}"
EndProject
Global
	GlobalSection(SolutionConfigurationPlatforms) = preSolution
		Debug|Any CPU = Debug|Any CPU
		Release|Any CPU = Release|Any CPU
	EndGlobalSection
	GlobalSection(ProjectConfigurationPlatforms) = postSolution
		{8F835202-DF47-4A07-9779-E915971B1764}.Debug|Any CPU.ActiveCfg = Debug|Any CPU
		{8F835202-DF47-4A07-9779-E915971B1764}.Debug|Any CPU.Build.0 = Debug|Any CPU
		{8F835202-DF47-4A07-9779-E915971B1764}.Release|Any CPU.ActiveCfg = Release|Any CPU
		{8F835202-DF47-4A07-9779-E915971B1764}.Release|Any CPU.Build.0 = Release|Any CPU
		{08A4794E-D16D-45B4-B318-92335D2BF47A}.Debug|Any CPU.ActiveCfg = Debug|Any CPU
		{08A4794E-D16D-45B4-B318-92335D2BF47A}.Debug|Any CPU.Build.0 = Debug|Any CPU
		{08A4794E-D16D-45B4-B318-92335D2BF47A}.Release|Any CPU.ActiveCfg = Release|Any CPU
		{08A4794E-D16D-45B4-B318-92335D2BF47A}.Release|Any CPU.Build.0 = Release|Any CPU
		{0CC9DF1E-7328-4188-92E9-01EE5C3C1DE0}.Debug|Any CPU.ActiveCfg = Debug|Any CPU
		{0CC9DF1E-7328-4188-92E9-01EE5C3C1DE0}.Debug|Any CPU.Build.0 = Debug|Any CPU
		{0CC9DF1E-7328-4188-92E9-01EE5C3C1DE0}.Release|Any CPU.ActiveCfg = Release|Any CPU
		{0CC9DF1E-7328-4188-92E9-01EE5C3C1DE0}.Release|Any CPU.Build.0 = Release|Any CPU
		{53B438CD-E783-4EF0-9935-812B537572EF}.Debug|Any CPU.ActiveCfg = Debug|Any CPU
		{53B438CD-E783-4EF0-9935-812B537572EF}.Debug|Any CPU.Build.0 = Debug|Any CPU
		{53B438CD-E783-4EF0-9935-812B537572EF}.Release|Any CPU.ActiveCfg = Release|Any CPU
		{53B438CD-E783-4EF0-9935-812B537572EF}.Release|Any CPU.Build.0 = Release|Any CPU
	EndGlobalSection
	GlobalSection(SolutionProperties) = preSolution
		HideSolutionNode = FALSE
	EndGlobalSection
	GlobalSection(ExtensibilityGlobals) = postSolution
		SolutionGuid = {3C7951E8-7731-47FC-BE6B-7678857FE578}
	EndGlobalSection
EndGlobal
